# This file is automatically @generated by Cargo.
# It is not intended for manual editing.
version = 4

[[package]]
name = "glaux-domain"
version = "0.1.0"

[[package]]
name = "glaux-server"
version = "0.1.0"
dependencies = [
 "glaux-domain",
 "glaux-standards",
]

[[package]]
name = "glaux-standards"
version = "0.1.0"
dependencies = [
 "glaux-domain",
]
